
Microsoft Visual Studio Solution File, Format Version 12.00
# Visual Studio Version 17
VisualStudioVersion = 17.14.36202.13
MinimumVisualStudioVersion = 10.0.40219.1
Project("{FAE04EC0-301F-11D3-BF4B-00C04F79EFBC}") = "EnergyControlAPI", "EnergyControlAPI\EnergyControlAPI.csproj", "{0C3BB738-A2E1-4836-9FB9-E3E99CF203E4}"
EndProject
Project("{FAE04EC0-301F-11D3-BF4B-00C04F79EFBC}") = "EnergyControlAPI.Test", "EnergyControlAPI.Test\EnergyControlAPI.Test.csproj", "{A0AD99F6-76AE-42BD-BECD-19023201B8C9}"
EndProject
Global
	GlobalSection(SolutionConfigurationPlatforms) = preSolution
		Debug|Any CPU = Debug|Any CPU
		Release|Any CPU = Release|Any CPU
	EndGlobalSection
	GlobalSection(ProjectConfigurationPlatforms) = postSolution
		{0C3BB738-A2E1-4836-9FB9-E3E99CF203E4}.Debug|Any CPU.ActiveCfg = Debug|Any CPU
		{0C3BB738-A2E1-4836-9FB9-E3E99CF203E4}.Debug|Any CPU.Build.0 = Debug|Any CPU
		{0C3BB738-A2E1-4836-9FB9-E3E99CF203E4}.Release|Any CPU.ActiveCfg = Release|Any CPU
		{0C3BB738-A2E1-4836-9FB9-E3E99CF203E4}.Release|Any CPU.Build.0 = Release|Any CPU
		{A0AD99F6-76AE-42BD-BECD-19023201B8C9}.Debug|Any CPU.ActiveCfg = Debug|Any CPU
		{A0AD99F6-76AE-42BD-BECD-19023201B8C9}.Debug|Any CPU.Build.0 = Debug|Any CPU
		{A0AD99F6-76AE-42BD-BECD-19023201B8C9}.Release|Any CPU.ActiveCfg = Release|Any CPU
		{A0AD99F6-76AE-42BD-BECD-19023201B8C9}.Release|Any CPU.Build.0 = Release|Any CPU
	EndGlobalSection
	GlobalSection(SolutionProperties) = preSolution
		HideSolutionNode = FALSE
	EndGlobalSection
	GlobalSection(ExtensibilityGlobals) = postSolution
		SolutionGuid = {D1A3DF1D-171C-4F3C-BC7A-10FF4888EE95}
	EndGlobalSection
EndGlobal
